
Microsoft Visual Studio Solution File, Format Version 12.00
# Visual Studio Version 16
VisualStudioVersion = 16.0.31313.79
MinimumVisualStudioVersion = 10.0.40219.1
Project("{FAE04EC0-301F-11D3-BF4B-00C04F79EFBC}") = "DirencNetClone.Android", "DirencNetClone\DirencNetClone.Android\DirencNetClone.Android.csproj", "{19ACE6D8-5978-470D-8216-AFA00620FC97}"
EndProject
Project("{FAE04EC0-301F-11D3-BF4B-00C04F79EFBC}") = "DirencNetClone.iOS", "DirencNetClone\DirencNetClone.iOS\DirencNetClone.iOS.csproj", "{6A58A14C-D46E-4E87-9E73-E26D9FE044EF}"
EndProject
Project("{9A19103F-16F7-4668-BE54-9A1E7A4F7556}") = "DirencNetClone", "DirencNetClone\DirencNetClone\DirencNetClone.csproj", "{DE7B21AD-E92D-4ECA-9EFD-3975C76F640F}"
EndProject
Project("{FAE04EC0-301F-11D3-BF4B-00C04F79EFBC}") = "DirencNetClone.UnitTest", "DirencNetClone.UnitTest\DirencNetClone.UnitTest.csproj", "{0B3FC321-A26A-47AD-BF5F-79F86555CAA7}"
	ProjectSection(ProjectDependencies) = postProject
		{DE7B21AD-E92D-4ECA-9EFD-3975C76F640F} = {DE7B21AD-E92D-4ECA-9EFD-3975C76F640F}
	EndProjectSection
EndProject
Project("{FAE04EC0-301F-11D3-BF4B-00C04F79EFBC}") = "DirencNetClone.UITest", "DirencNetClone.UITest\DirencNetClone.UITest.csproj", "{C38AE325-65FE-47F8-8DF4-8211FE24BFDF}"
EndProject
Global
	GlobalSection(SolutionConfigurationPlatforms) = preSolution
		Debug|Any CPU = Debug|Any CPU
		Debug|iPhone = Debug|iPhone
		Debug|iPhoneSimulator = Debug|iPhoneSimulator
		Release|Any CPU = Release|Any CPU
		Release|iPhone = Release|iPhone
		Release|iPhoneSimulator = Release|iPhoneSimulator
	EndGlobalSection
	GlobalSection(ProjectConfigurationPlatforms) = postSolution
		{19ACE6D8-5978-470D-8216-AFA00620FC97}.Debug|Any CPU.ActiveCfg = Debug|Any CPU
		{19ACE6D8-5978-470D-8216-AFA00620FC97}.Debug|Any CPU.Build.0 = Debug|Any CPU
		{19ACE6D8-5978-470D-8216-AFA00620FC97}.Debug|Any CPU.Deploy.0 = Debug|Any CPU
		{19ACE6D8-5978-470D-8216-AFA00620FC97}.Debug|iPhone.ActiveCfg = Debug|Any CPU
		{19ACE6D8-5978-470D-8216-AFA00620FC97}.Debug|iPhone.Build.0 = Debug|Any CPU
		{19ACE6D8-5978-470D-8216-AFA00620FC97}.Debug|iPhone.Deploy.0 = Debug|Any CPU
		{19ACE6D8-5978-470D-8216-AFA00620FC97}.Debug|iPhoneSimulator.ActiveCfg = Debug|Any CPU
		{19ACE6D8-5978-470D-8216-AFA00620FC97}.Debug|iPhoneSimulator.Build.0 = Debug|Any CPU
		{19ACE6D8-5978-470D-8216-AFA00620FC97}.Debug|iPhoneSimulator.Deploy.0 = Debug|Any CPU
		{19ACE6D8-5978-470D-8216-AFA00620FC97}.Release|Any CPU.ActiveCfg = Release|Any CPU
		{19ACE6D8-5978-470D-8216-AFA00620FC97}.Release|Any CPU.Build.0 = Release|Any CPU
		{19ACE6D8-5978-470D-8216-AFA00620FC97}.Release|Any CPU.Deploy.0 = Release|Any CPU
		{19ACE6D8-5978-470D-8216-AFA00620FC97}.Release|iPhone.ActiveCfg = Release|Any CPU
		{19ACE6D8-5978-470D-8216-AFA00620FC97}.Release|iPhone.Build.0 = Release|Any CPU
		{19ACE6D8-5978-470D-8216-AFA00620FC97}.Release|iPhone.Deploy.0 = Release|Any CPU
		{19ACE6D8-5978-470D-8216-AFA00620FC97}.Release|iPhoneSimulator.ActiveCfg = Release|Any CPU
		{19ACE6D8-5978-470D-8216-AFA00620FC97}.Release|iPhoneSimulator.Build.0 = Release|Any CPU
		{19ACE6D8-5978-470D-8216-AFA00620FC97}.Release|iPhoneSimulator.Deploy.0 = Release|Any CPU
		{6A58A14C-D46E-4E87-9E73-E26D9FE044EF}.Debug|Any CPU.ActiveCfg = Debug|iPhone
		{6A58A14C-D46E-4E87-9E73-E26D9FE044EF}.Debug|Any CPU.Build.0 = Debug|iPhone
		{6A58A14C-D46E-4E87-9E73-E26D9FE044EF}.Debug|Any CPU.Deploy.0 = Debug|iPhone
		{6A58A14C-D46E-4E87-9E73-E26D9FE044EF}.Debug|iPhone.ActiveCfg = Debug|iPhone
		{6A58A14C-D46E-4E87-9E73-E26D9FE044EF}.Debug|iPhone.Build.0 = Debug|iPhone
		{6A58A14C-D46E-4E87-9E73-E26D9FE044EF}.Debug|iPhone.Deploy.0 = Debug|iPhone
		{6A58A14C-D46E-4E87-9E73-E26D9FE044EF}.Debug|iPhoneSimulator.ActiveCfg = Debug|iPhoneSimulator
		{6A58A14C-D46E-4E87-9E73-E26D9FE044EF}.Debug|iPhoneSimulator.Build.0 = Debug|iPhoneSimulator
		{6A58A14C-D46E-4E87-9E73-E26D9FE044EF}.Debug|iPhoneSimulator.Deploy.0 = Debug|iPhoneSimulator
		{6A58A14C-D46E-4E87-9E73-E26D9FE044EF}.Release|Any CPU.ActiveCfg = Release|iPhoneSimulator
		{6A58A14C-D46E-4E87-9E73-E26D9FE044EF}.Release|Any CPU.Build.0 = Release|iPhoneSimulator
		{6A58A14C-D46E-4E87-9E73-E26D9FE044EF}.Release|Any CPU.Deploy.0 = Release|iPhoneSimulator
		{6A58A14C-D46E-4E87-9E73-E26D9FE044EF}.Release|iPhone.ActiveCfg = Release|iPhone
		{6A58A14C-D46E-4E87-9E73-E26D9FE044EF}.Release|iPhone.Build.0 = Release|iPhone
		{6A58A14C-D46E-4E87-9E73-E26D9FE044EF}.Release|iPhone.Deploy.0 = Release|iPhone
		{6A58A14C-D46E-4E87-9E73-E26D9FE044EF}.Release|iPhoneSimulator.ActiveCfg = Release|iPhoneSimulator
		{6A58A14C-D46E-4E87-9E73-E26D9FE044EF}.Release|iPhoneSimulator.Build.0 = Release|iPhoneSimulator
		{6A58A14C-D46E-4E87-9E73-E26D9FE044EF}.Release|iPhoneSimulator.Deploy.0 = Release|iPhoneSimulator
		{DE7B21AD-E92D-4ECA-9EFD-3975C76F640F}.Debug|Any CPU.ActiveCfg = Debug|Any CPU
		{DE7B21AD-E92D-4ECA-9EFD-3975C76F640F}.Debug|Any CPU.Build.0 = Debug|Any CPU
		{DE7B21AD-E92D-4ECA-9EFD-3975C76F640F}.Debug|Any CPU.Deploy.0 = Debug|Any CPU
		{DE7B21AD-E92D-4ECA-9EFD-3975C76F640F}.Debug|iPhone.ActiveCfg = Debug|Any CPU
		{DE7B21AD-E92D-4ECA-9EFD-3975C76F640F}.Debug|iPhone.Build.0 = Debug|Any CPU
		{DE7B21AD-E92D-4ECA-9EFD-3975C76F640F}.Debug|iPhone.Deploy.0 = Debug|Any CPU
		{DE7B21AD-E92D-4ECA-9EFD-3975C76F640F}.Debug|iPhoneSimulator.ActiveCfg = Debug|Any CPU
		{DE7B21AD-E92D-4ECA-9EFD-3975C76F640F}.Debug|iPhoneSimulator.Build.0 = Debug|Any CPU
		{DE7B21AD-E92D-4ECA-9EFD-3975C76F640F}.Debug|iPhoneSimulator.Deploy.0 = Debug|Any CPU
		{DE7B21AD-E92D-4ECA-9EFD-3975C76F640F}.Release|Any CPU.ActiveCfg = Release|Any CPU
		{DE7B21AD-E92D-4ECA-9EFD-3975C76F640F}.Release|Any CPU.Build.0 = Release|Any CPU
		{DE7B21AD-E92D-4ECA-9EFD-3975C76F640F}.Release|Any CPU.Deploy.0 = Release|Any CPU
		{DE7B21AD-E92D-4ECA-9EFD-3975C76F640F}.Release|iPhone.ActiveCfg = Release|Any CPU
		{DE7B21AD-E92D-4ECA-9EFD-3975C76F640F}.Release|iPhone.Build.0 = Release|Any CPU
		{DE7B21AD-E92D-4ECA-9EFD-3975C76F640F}.Release|iPhone.Deploy.0 = Release|Any CPU
		{DE7B21AD-E92D-4ECA-9EFD-3975C76F640F}.Release|iPhoneSimulator.ActiveCfg = Release|Any CPU
		{DE7B21AD-E92D-4ECA-9EFD-3975C76F640F}.Release|iPhoneSimulator.Build.0 = Release|Any CPU
		{DE7B21AD-E92D-4ECA-9EFD-3975C76F640F}.Release|iPhoneSimulator.Deploy.0 = Release|Any CPU
		{0B3FC321-A26A-47AD-BF5F-79F86555CAA7}.Debug|Any CPU.ActiveCfg = Debug|Any CPU
		{0B3FC321-A26A-47AD-BF5F-79F86555CAA7}.Debug|Any CPU.Build.0 = Debug|Any CPU
		{0B3FC321-A26A-47AD-BF5F-79F86555CAA7}.Debug|iPhone.ActiveCfg = Debug|Any CPU
		{0B3FC321-A26A-47AD-BF5F-79F86555CAA7}.Debug|iPhone.Build.0 = Debug|Any CPU
		{0B3FC321-A26A-47AD-BF5F-79F86555CAA7}.Debug|iPhoneSimulator.ActiveCfg = Debug|Any CPU
		{0B3FC321-A26A-47AD-BF5F-79F86555CAA7}.Debug|iPhoneSimulator.Build.0 = Debug|Any CPU
		{0B3FC321-A26A-47AD-BF5F-79F86555CAA7}.Release|Any CPU.ActiveCfg = Release|Any CPU
		{0B3FC321-A26A-47AD-BF5F-79F86555CAA7}.Release|Any CPU.Build.0 = Release|Any CPU
		{0B3FC321-A26A-47AD-BF5F-79F86555CAA7}.Release|iPhone.ActiveCfg = Release|Any CPU
		{0B3FC321-A26A-47AD-BF5F-79F86555CAA7}.Release|iPhone.Build.0 = Release|Any CPU
		{0B3FC321-A26A-47AD-BF5F-79F86555CAA7}.Release|iPhoneSimulator.ActiveCfg = Release|Any CPU
		{0B3FC321-A26A-47AD-BF5F-79F86555CAA7}.Release|iPhoneSimulator.Build.0 = Release|Any CPU
		{C38AE325-65FE-47F8-8DF4-8211FE24BFDF}.Debug|Any CPU.ActiveCfg = Debug|Any CPU
		{C38AE325-65FE-47F8-8DF4-8211FE24BFDF}.Debug|Any CPU.Build.0 = Debug|Any CPU
		{C38AE325-65FE-47F8-8DF4-8211FE24BFDF}.Debug|iPhone.ActiveCfg = Debug|Any CPU
		{C38AE325-65FE-47F8-8DF4-8211FE24BFDF}.Debug|iPhone.Build.0 = Debug|Any CPU
		{C38AE325-65FE-47F8-8DF4-8211FE24BFDF}.Debug|iPhoneSimulator.ActiveCfg = Debug|Any CPU
		{C38AE325-65FE-47F8-8DF4-8211FE24BFDF}.Debug|iPhoneSimulator.Build.0 = Debug|Any CPU
		{C38AE325-65FE-47F8-8DF4-8211FE24BFDF}.Release|Any CPU.ActiveCfg = Release|Any CPU
		{C38AE325-65FE-47F8-8DF4-8211FE24BFDF}.Release|Any CPU.Build.0 = Release|Any CPU
		{C38AE325-65FE-47F8-8DF4-8211FE24BFDF}.Release|iPhone.ActiveCfg = Release|Any CPU
		{C38AE325-65FE-47F8-8DF4-8211FE24BFDF}.Release|iPhone.Build.0 = Release|Any CPU
		{C38AE325-65FE-47F8-8DF4-8211FE24BFDF}.Release|iPhoneSimulator.ActiveCfg = Release|Any CPU
		{C38AE325-65FE-47F8-8DF4-8211FE24BFDF}.Release|iPhoneSimulator.Build.0 = Release|Any CPU
	EndGlobalSection
	GlobalSection(SolutionProperties) = preSolution
		HideSolutionNode = FALSE
	EndGlobalSection
	GlobalSection(ExtensibilityGlobals) = postSolution
		SolutionGuid = {9FF46C39-6396-4394-831C-608179177F2B}
	EndGlobalSection
EndGlobal
